// !$*UTF8*$!
{
	archiveVersion = 1;
	classes = {
	};
	objectVersion = 46;
	objects = {

/* Begin PBXBuildFile section */
		854BCF8D1DD5A61600AFF0A5 /* LoginViewController.swift in Sources */ = {isa = PBXBuildFile; fileRef = 854BCF8C1DD5A61600AFF0A5 /* LoginViewController.swift */; };
		8598EDA71DD58A0C0003B1F4 /* AppDelegate.swift in Sources */ = {isa = PBXBuildFile; fileRef = 8598EDA61DD58A0C0003B1F4 /* AppDelegate.swift */; };
		8598EDA91DD58A0C0003B1F4 /* ViewController.swift in Sources */ = {isa = PBXBuildFile; fileRef = 8598EDA81DD58A0C0003B1F4 /* ViewController.swift */; };
		8598EDAC1DD58A0D0003B1F4 /* Main.storyboard in Resources */ = {isa = PBXBuildFile; fileRef = 8598EDAA1DD58A0D0003B1F4 /* Main.storyboard */; };
		8598EDAE1DD58A0D0003B1F4 /* Assets.xcassets in Resources */ = {isa = PBXBuildFile; fileRef = 8598EDAD1DD58A0D0003B1F4 /* Assets.xcassets */; };
		8598EDB11DD58A0D0003B1F4 /* LaunchScreen.storyboard in Resources */ = {isa = PBXBuildFile; fileRef = 8598EDAF1DD58A0D0003B1F4 /* LaunchScreen.storyboard */; };
		8598EDBF1DD58EAF0003B1F4 /* NotificationCenter.framework in Frameworks */ = {isa = PBXBuildFile; fileRef = 8598EDBE1DD58EAF0003B1F4 /* NotificationCenter.framework */; };
		8598EDC21DD58EAF0003B1F4 /* TodayViewController.swift in Sources */ = {isa = PBXBuildFile; fileRef = 8598EDC11DD58EAF0003B1F4 /* TodayViewController.swift */; };
		8598EDC51DD58EAF0003B1F4 /* MainInterface.storyboard in Resources */ = {isa = PBXBuildFile; fileRef = 8598EDC31DD58EAF0003B1F4 /* MainInterface.storyboard */; };
		8598EDC91DD58EAF0003B1F4 /* todayWidget.appex in Embed App Extensions */ = {isa = PBXBuildFile; fileRef = 8598EDBC1DD58EAF0003B1F4 /* todayWidget.appex */; settings = {ATTRIBUTES = (RemoveHeadersOnCopy, ); }; };
/* End PBXBuildFile section */

/* Begin PBXContainerItemProxy section */
		8598EDC71DD58EAF0003B1F4 /* PBXContainerItemProxy */ = {
			isa = PBXContainerItemProxy;
			containerPortal = 8598ED9B1DD58A0C0003B1F4 /* Project object */;
			proxyType = 1;
			remoteGlobalIDString = 8598EDBB1DD58EAF0003B1F4;
			remoteInfo = todayWidget;
		};
/* End PBXContainerItemProxy section */

/* Begin PBXCopyFilesBuildPhase section */
		8598EDCD1DD58EAF0003B1F4 /* Embed App Extensions */ = {
			isa = PBXCopyFilesBuildPhase;
			buildActionMask = 2147483647;
			dstPath = "";
			dstSubfolderSpec = 13;
			files = (
				8598EDC91DD58EAF0003B1F4 /* todayWidget.appex in Embed App Extensions */,
			);
			name = "Embed App Extensions";
			runOnlyForDeploymentPostprocessing = 0;
		};
		85B7A5B81DD59ACE0036025D /* Embed Frameworks */ = {
			isa = PBXCopyFilesBuildPhase;
			buildActionMask = 2147483647;
			dstPath = "";
			dstSubfolderSpec = 10;
			files = (
			);
			name = "Embed Frameworks";
			runOnlyForDeploymentPostprocessing = 0;
		};
/* End PBXCopyFilesBuildPhase section */

/* Begin PBXFileReference section */
		854BCF8C1DD5A61600AFF0A5 /* LoginViewController.swift */ = {isa = PBXFileReference; fileEncoding = 4; lastKnownFileType = sourcecode.swift; path = LoginViewController.swift; sourceTree = "<group>"; };
		8598EDA31DD58A0C0003B1F4 /* TodayWidgetExtension.app */ = {isa = PBXFileReference; explicitFileType = wrapper.application; includeInIndex = 0; path = TodayWidgetExtension.app; sourceTree = BUILT_PRODUCTS_DIR; };
		8598EDA61DD58A0C0003B1F4 /* AppDelegate.swift */ = {isa = PBXFileReference; lastKnownFileType = sourcecode.swift; path = AppDelegate.swift; sourceTree = "<group>"; };
		8598EDA81DD58A0C0003B1F4 /* ViewController.swift */ = {isa = PBXFileReference; lastKnownFileType = sourcecode.swift; path = ViewController.swift; sourceTree = "<group>"; };
		8598EDAB1DD58A0D0003B1F4 /* Base */ = {isa = PBXFileReference; lastKnownFileType = file.storyboard; name = Base; path = Base.lproj/Main.storyboard; sourceTree = "<group>"; };
		8598EDAD1DD58A0D0003B1F4 /* Assets.xcassets */ = {isa = PBXFileReference; lastKnownFileType = folder.assetcatalog; path = Assets.xcassets; sourceTree = "<group>"; };
		8598EDB01DD58A0D0003B1F4 /* Base */ = {isa = PBXFileReference; lastKnownFileType = file.storyboard; name = Base; path = Base.lproj/LaunchScreen.storyboard; sourceTree = "<group>"; };
		8598EDB21DD58A0D0003B1F4 /* Info.plist */ = {isa = PBXFileReference; lastKnownFileType = text.plist.xml; path = Info.plist; sourceTree = "<group>"; };
		8598EDBC1DD58EAF0003B1F4 /* todayWidget.appex */ = {isa = PBXFileReference; explicitFileType = "wrapper.app-extension"; includeInIndex = 0; path = todayWidget.appex; sourceTree = BUILT_PRODUCTS_DIR; };
		8598EDBE1DD58EAF0003B1F4 /* NotificationCenter.framework */ = {isa = PBXFileReference; lastKnownFileType = wrapper.framework; name = NotificationCenter.framework; path = System/Library/Frameworks/NotificationCenter.framework; sourceTree = SDKROOT; };
		8598EDC11DD58EAF0003B1F4 /* TodayViewController.swift */ = {isa = PBXFileReference; lastKnownFileType = sourcecode.swift; path = TodayViewController.swift; sourceTree = "<group>"; };
		8598EDC41DD58EAF0003B1F4 /* Base */ = {isa = PBXFileReference; lastKnownFileType = file.storyboard; name = Base; path = Base.lproj/MainInterface.storyboard; sourceTree = "<group>"; };
		8598EDC61DD58EAF0003B1F4 /* Info.plist */ = {isa = PBXFileReference; lastKnownFileType = text.plist.xml; path = Info.plist; sourceTree = "<group>"; };
		85B7A5A51DD591AC0036025D /* TodayWidgetExtension.entitlements */ = {isa = PBXFileReference; lastKnownFileType = text.plist.entitlements; path = TodayWidgetExtension.entitlements; sourceTree = "<group>"; };
		85B7A5A61DD591FC0036025D /* todayWidget.entitlements */ = {isa = PBXFileReference; lastKnownFileType = text.plist.entitlements; path = todayWidget.entitlements; sourceTree = "<group>"; };
/* End PBXFileReference section */

/* Begin PBXFrameworksBuildPhase section */
		8598EDA01DD58A0C0003B1F4 /* Frameworks */ = {
			isa = PBXFrameworksBuildPhase;
			buildActionMask = 2147483647;
			files = (
			);
			runOnlyForDeploymentPostprocessing = 0;
		};
		8598EDB91DD58EAF0003B1F4 /* Frameworks */ = {
			isa = PBXFrameworksBuildPhase;
			buildActionMask = 2147483647;
			files = (
				8598EDBF1DD58EAF0003B1F4 /* NotificationCenter.framework in Frameworks */,
			);
			runOnlyForDeploymentPostprocessing = 0;
		};
/* End PBXFrameworksBuildPhase section */

/* Begin PBXGroup section */
		8598ED9A1DD58A0C0003B1F4 = {
			isa = PBXGroup;
			children = (
				8598EDA51DD58A0C0003B1F4 /* TodayWidgetExtension */,
				8598EDC01DD58EAF0003B1F4 /* todayWidget */,
				8598EDBD1DD58EAF0003B1F4 /* Frameworks */,
				8598EDA41DD58A0C0003B1F4 /* Products */,
			);
			sourceTree = "<group>";
		};
		8598EDA41DD58A0C0003B1F4 /* Products */ = {
			isa = PBXGroup;
			children = (
				8598EDA31DD58A0C0003B1F4 /* TodayWidgetExtension.app */,
				8598EDBC1DD58EAF0003B1F4 /* todayWidget.appex */,
			);
			name = Products;
			sourceTree = "<group>";
		};
		8598EDA51DD58A0C0003B1F4 /* TodayWidgetExtension */ = {
			isa = PBXGroup;
			children = (
				85B7A5A51DD591AC0036025D /* TodayWidgetExtension.entitlements */,
				854BCF8C1DD5A61600AFF0A5 /* LoginViewController.swift */,
				8598EDA61DD58A0C0003B1F4 /* AppDelegate.swift */,
				8598EDA81DD58A0C0003B1F4 /* ViewController.swift */,
				8598EDAA1DD58A0D0003B1F4 /* Main.storyboard */,
				8598EDAD1DD58A0D0003B1F4 /* Assets.xcassets */,
				8598EDAF1DD58A0D0003B1F4 /* LaunchScreen.storyboard */,
				8598EDB21DD58A0D0003B1F4 /* Info.plist */,
			);
			path = TodayWidgetExtension;
			sourceTree = "<group>";
		};
		8598EDBD1DD58EAF0003B1F4 /* Frameworks */ = {
			isa = PBXGroup;
			children = (
				8598EDBE1DD58EAF0003B1F4 /* NotificationCenter.framework */,
			);
			name = Frameworks;
			sourceTree = "<group>";
		};
		8598EDC01DD58EAF0003B1F4 /* todayWidget */ = {
			isa = PBXGroup;
			children = (
				85B7A5A61DD591FC0036025D /* todayWidget.entitlements */,
				8598EDC11DD58EAF0003B1F4 /* TodayViewController.swift */,
				8598EDC31DD58EAF0003B1F4 /* MainInterface.storyboard */,
				8598EDC61DD58EAF0003B1F4 /* Info.plist */,
			);
			path = todayWidget;
			sourceTree = "<group>";
		};
/* End PBXGroup section */

/* Begin PBXNativeTarget section */
		8598EDA21DD58A0C0003B1F4 /* TodayWidgetExtension */ = {
			isa = PBXNativeTarget;
			buildConfigurationList = 8598EDB51DD58A0D0003B1F4 /* Build configuration list for PBXNativeTarget "TodayWidgetExtension" */;
			buildPhases = (
				8598ED9F1DD58A0C0003B1F4 /* Sources */,
				8598EDA01DD58A0C0003B1F4 /* Frameworks */,
				8598EDA11DD58A0C0003B1F4 /* Resources */,
				8598EDCD1DD58EAF0003B1F4 /* Embed App Extensions */,
				85B7A5B81DD59ACE0036025D /* Embed Frameworks */,
			);
			buildRules = (
			);
			dependencies = (
				8598EDC81DD58EAF0003B1F4 /* PBXTargetDependency */,
			);
			name = TodayWidgetExtension;
			productName = TodayWidgetExtension;
			productReference = 8598EDA31DD58A0C0003B1F4 /* TodayWidgetExtension.app */;
			productType = "com.apple.product-type.application";
		};
		8598EDBB1DD58EAF0003B1F4 /* todayWidget */ = {
			isa = PBXNativeTarget;
			buildConfigurationList = 8598EDCA1DD58EAF0003B1F4 /* Build configuration list for PBXNativeTarget "todayWidget" */;
			buildPhases = (
				8598EDB81DD58EAF0003B1F4 /* Sources */,
				8598EDB91DD58EAF0003B1F4 /* Frameworks */,
				8598EDBA1DD58EAF0003B1F4 /* Resources */,
			);
			buildRules = (
			);
			dependencies = (
			);
			name = todayWidget;
			productName = todayWidget;
			productReference = 8598EDBC1DD58EAF0003B1F4 /* todayWidget.appex */;
			productType = "com.apple.product-type.app-extension";
		};
/* End PBXNativeTarget section */

/* Begin PBXProject section */
		8598ED9B1DD58A0C0003B1F4 /* Project object */ = {
			isa = PBXProject;
			attributes = {
				LastSwiftUpdateCheck = 0800;
				LastUpgradeCheck = 0800;
				ORGANIZATIONNAME = "Mallow Technologies Private Limited";
				TargetAttributes = {
					8598EDA21DD58A0C0003B1F4 = {
						CreatedOnToolsVersion = 8.0;
						DevelopmentTeam = 3RHR7K3FP7;
						ProvisioningStyle = Automatic;
						SystemCapabilities = {
							com.apple.ApplicationGroups.iOS = {
								enabled = 1;
							};
						};
					};
					8598EDBB1DD58EAF0003B1F4 = {
						CreatedOnToolsVersion = 8.0;
						DevelopmentTeam = 3RHR7K3FP7;
						ProvisioningStyle = Automatic;
						SystemCapabilities = {
							com.apple.ApplicationGroups.iOS = {
								enabled = 1;
							};
						};
					};
				};
			};
			buildConfigurationList = 8598ED9E1DD58A0C0003B1F4 /* Build configuration list for PBXProject "TodayWidgetExtension" */;
			compatibilityVersion = "Xcode 3.2";
			developmentRegion = English;
			hasScannedForEncodings = 0;
			knownRegions = (
				en,
				Base,
			);
			mainGroup = 8598ED9A1DD58A0C0003B1F4;
			productRefGroup = 8598EDA41DD58A0C0003B1F4 /* Products */;
			projectDirPath = "";
			projectRoot = "";
			targets = (
				8598EDA21DD58A0C0003B1F4 /* TodayWidgetExtension */,
				8598EDBB1DD58EAF0003B1F4 /* todayWidget */,
			);
		};
/* End PBXProject section */

/* Begin PBXResourcesBuildPhase section */
		8598EDA11DD58A0C0003B1F4 /* Resources */ = {
			isa = PBXResourcesBuildPhase;
			buildActionMask = 2147483647;
			files = (
				8598EDB11DD58A0D0003B1F4 /* LaunchScreen.storyboard in Resources */,
				8598EDAE1DD58A0D0003B1F4 /* Assets.xcassets in Resources */,
				8598EDAC1DD58A0D0003B1F4 /* Main.storyboard in Resources */,
			);
			runOnlyForDeploymentPostprocessing = 0;
		};
		8598EDBA1DD58EAF0003B1F4 /* Resources */ = {
			isa = PBXResourcesBuildPhase;
			buildActionMask = 2147483647;
			files = (
				8598EDC51DD58EAF0003B1F4 /* MainInterface.storyboard in Resources */,
			);
			runOnlyForDeploymentPostprocessing = 0;
		};
/* End PBXResourcesBuildPhase section */

/* Begin PBXSourcesBuildPhase section */
		8598ED9F1DD58A0C0003B1F4 /* Sources */ = {
			isa = PBXSourcesBuildPhase;
			buildActionMask = 2147483647;
			files = (
				854BCF8D1DD5A61600AFF0A5 /* LoginViewController.swift in Sources */,
				8598EDA91DD58A0C0003B1F4 /* ViewController.swift in Sources */,
				8598EDA71DD58A0C0003B1F4 /* AppDelegate.swift in Sources */,
			);
			runOnlyForDeploymentPostprocessing = 0;
		};
		8598EDB81DD58EAF0003B1F4 /* Sources */ = {
			isa = PBXSourcesBuildPhase;
			buildActionMask = 2147483647;
			files = (
				8598EDC21DD58EAF0003B1F4 /* TodayViewController.swift in Sources */,
			);
			runOnlyForDeploymentPostprocessing = 0;
		};
/* End PBXSourcesBuildPhase section */

/* Begin PBXTargetDependency section */
		8598EDC81DD58EAF0003B1F4 /* PBXTargetDependency */ = {
			isa = PBXTargetDependency;
			target = 8598EDBB1DD58EAF0003B1F4 /* todayWidget */;
			targetProxy = 8598EDC71DD58EAF0003B1F4 /* PBXContainerItemProxy */;
		};
/* End PBXTargetDependency section */

/* Begin PBXVariantGroup section */
		8598EDAA1DD58A0D0003B1F4 /* Main.storyboard */ = {
			isa = PBXVariantGroup;
			children = (
				8598EDAB1DD58A0D0003B1F4 /* Base */,
			);
			name = Main.storyboard;
			sourceTree = "<group>";
		};
		8598EDAF1DD58A0D0003B1F4 /* LaunchScreen.storyboard */ = {
			isa = PBXVariantGroup;
			children = (
				8598EDB01DD58A0D0003B1F4 /* Base */,
			);
			name = LaunchScreen.storyboard;
			sourceTree = "<group>";
		};
		8598EDC31DD58EAF0003B1F4 /* MainInterface.storyboard */ = {
			isa = PBXVariantGroup;
			children = (
				8598EDC41DD58EAF0003B1F4 /* Base */,
			);
			name = MainInterface.storyboard;
			sourceTree = "<group>";
		};
/* End PBXVariantGroup section */

/* Begin XCBuildConfiguration section */
		8598EDB31DD58A0D0003B1F4 /* Debug */ = {
			isa = XCBuildConfiguration;
			buildSettings = {
				ALWAYS_SEARCH_USER_PATHS = NO;
				CLANG_ANALYZER_NONNULL = YES;
				CLANG_CXX_LANGUAGE_STANDARD = "gnu++0x";
				CLANG_CXX_LIBRARY = "libc++";
				CLANG_ENABLE_MODULES = YES;
				CLANG_ENABLE_OBJC_ARC = YES;
				CLANG_WARN_BOOL_CONVERSION = YES;
				CLANG_WARN_CONSTANT_CONVERSION = YES;
				CLANG_WARN_DIRECT_OBJC_ISA_USAGE = YES_ERROR;
				CLANG_WARN_DOCUMENTATION_COMMENTS = YES;
				CLANG_WARN_EMPTY_BODY = YES;
				CLANG_WARN_ENUM_CONVERSION = YES;
				CLANG_WARN_INFINITE_RECURSION = YES;
				CLANG_WARN_INT_CONVERSION = YES;
				CLANG_WARN_OBJC_ROOT_CLASS = YES_ERROR;
				CLANG_WARN_SUSPICIOUS_MOVES = YES;
				CLANG_WARN_UNREACHABLE_CODE = YES;
				CLANG_WARN__DUPLICATE_METHOD_MATCH = YES;
				"CODE_SIGN_IDENTITY[sdk=iphoneos*]" = "iPhone Developer";
				COPY_PHASE_STRIP = NO;
				DEBUG_INFORMATION_FORMAT = dwarf;
				ENABLE_STRICT_OBJC_MSGSEND = YES;
				ENABLE_TESTABILITY = YES;
				GCC_C_LANGUAGE_STANDARD = gnu99;
				GCC_DYNAMIC_NO_PIC = NO;
				GCC_NO_COMMON_BLOCKS = YES;
				GCC_OPTIMIZATION_LEVEL = 0;
				GCC_PREPROCESSOR_DEFINITIONS = (
					"DEBUG=1",
					"$(inherited)",
				);
				GCC_WARN_64_TO_32_BIT_CONVERSION = YES;
				GCC_WARN_ABOUT_RETURN_TYPE = YES_ERROR;
				GCC_WARN_UNDECLARED_SELECTOR = YES;
				GCC_WARN_UNINITIALIZED_AUTOS = YES_AGGRESSIVE;
				GCC_WARN_UNUSED_FUNCTION = YES;
				GCC_WARN_UNUSED_VARIABLE = YES;
				IPHONEOS_DEPLOYMENT_TARGET = 8.0;
				MTL_ENABLE_DEBUG_INFO = YES;
				ONLY_ACTIVE_ARCH = YES;
				SDKROOT = iphoneos;
				SWIFT_ACTIVE_COMPILATION_CONDITIONS = DEBUG;
				SWIFT_OPTIMIZATION_LEVEL = "-Onone";
			};
			name = Debug;
		};
		8598EDB41DD58A0D0003B1F4 /* Release */ = {
			isa = XCBuildConfiguration;
			buildSettings = {
				ALWAYS_SEARCH_USER_PATHS = NO;
				CLANG_ANALYZER_NONNULL = YES;
				CLANG_CXX_LANGUAGE_STANDARD = "gnu++0x";
				CLANG_CXX_LIBRARY = "libc++";
				CLANG_ENABLE_MODULES = YES;
				CLANG_ENABLE_OBJC_ARC = YES;
				CLANG_WARN_BOOL_CONVERSION = YES;
				CLANG_WARN_CONSTANT_CONVERSION = YES;
				CLANG_WARN_DIRECT_OBJC_ISA_USAGE = YES_ERROR;
				CLANG_WARN_DOCUMENTATION_COMMENTS = YES;
				CLANG_WARN_EMPTY_BODY = YES;
				CLANG_WARN_ENUM_CONVERSION = YES;
				CLANG_WARN_INFINITE_RECURSION = YES;
				CLANG_WARN_INT_CONVERSION = YES;
				CLANG_WARN_OBJC_ROOT_CLASS = YES_ERROR;
				CLANG_WARN_SUSPICIOUS_MOVES = YES;
				CLANG_WARN_UNREACHABLE_CODE = YES;
				CLANG_WARN__DUPLICATE_METHOD_MATCH = YES;
				"CODE_SIGN_IDENTITY[sdk=iphoneos*]" = "iPhone Developer";
				COPY_PHASE_STRIP = NO;
				DEBUG_INFORMATION_FORMAT = "dwarf-with-dsym";
				ENABLE_NS_ASSERTIONS = NO;
				ENABLE_STRICT_OBJC_MSGSEND = YES;
				GCC_C_LANGUAGE_STANDARD = gnu99;
				GCC_NO_COMMON_BLOCKS = YES;
				GCC_WARN_64_TO_32_BIT_CONVERSION = YES;
				GCC_WARN_ABOUT_RETURN_TYPE = YES_ERROR;
				GCC_WARN_UNDECLARED_SELECTOR = YES;
				GCC_WARN_UNINITIALIZED_AUTOS = YES_AGGRESSIVE;
				GCC_WARN_UNUSED_FUNCTION = YES;
				GCC_WARN_UNUSED_VARIABLE = YES;
				IPHONEOS_DEPLOYMENT_TARGET = 8.0;
				MTL_ENABLE_DEBUG_INFO = NO;
				SDKROOT = iphoneos;
				SWIFT_OPTIMIZATION_LEVEL = "-Owholemodule";
				VALIDATE_PRODUCT = YES;
			};
			name = Release;
		};
		8598EDB61DD58A0D0003B1F4 /* Debug */ = {
			isa = XCBuildConfiguration;
			buildSettings = {
				ALWAYS_EMBED_SWIFT_STANDARD_LIBRARIES = YES;
				ASSETCATALOG_COMPILER_APPICON_NAME = AppIcon;
				CODE_SIGN_ENTITLEMENTS = TodayWidgetExtension/TodayWidgetExtension.entitlements;
				DEVELOPMENT_TEAM = 3RHR7K3FP7;
				INFOPLIST_FILE = TodayWidgetExtension/Info.plist;
				IPHONEOS_DEPLOYMENT_TARGET = 8.0;
				LD_RUNPATH_SEARCH_PATHS = "$(inherited) @executable_path/Frameworks";
				PRODUCT_BUNDLE_IDENTIFIER = com.mallowtech.TodayWidgetExtension;
				PRODUCT_NAME = "$(TARGET_NAME)";
				SWIFT_VERSION = 3.0;
			};
			name = Debug;
		};
		8598EDB71DD58A0D0003B1F4 /* Release */ = {
			isa = XCBuildConfiguration;
			buildSettings = {
				ALWAYS_EMBED_SWIFT_STANDARD_LIBRARIES = YES;
				ASSETCATALOG_COMPILER_APPICON_NAME = AppIcon;
				CODE_SIGN_ENTITLEMENTS = TodayWidgetExtension/TodayWidgetExtension.entitlements;
				DEVELOPMENT_TEAM = 3RHR7K3FP7;
				INFOPLIST_FILE = TodayWidgetExtension/Info.plist;
				IPHONEOS_DEPLOYMENT_TARGET = 8.0;
				LD_RUNPATH_SEARCH_PATHS = "$(inherited) @executable_path/Frameworks";
				PRODUCT_BUNDLE_IDENTIFIER = com.mallowtech.TodayWidgetExtension;
				PRODUCT_NAME = "$(TARGET_NAME)";
				SWIFT_VERSION = 3.0;
			};
			name = Release;
		};
		8598EDCB1DD58EAF0003B1F4 /* Debug */ = {
			isa = XCBuildConfiguration;
			buildSettings = {
				CODE_SIGN_ENTITLEMENTS = todayWidget/todayWidget.entitlements;
				DEVELOPMENT_TEAM = 3RHR7K3FP7;
				INFOPLIST_FILE = todayWidget/Info.plist;
				IPHONEOS_DEPLOYMENT_TARGET = 8.0;
				LD_RUNPATH_SEARCH_PATHS = "$(inherited) @executable_path/Frameworks @executable_path/../../Frameworks";
				PRODUCT_BUNDLE_IDENTIFIER = com.mallowtech.TodayWidgetExtension.todayWidget;
				PRODUCT_NAME = "$(TARGET_NAME)";
				SKIP_INSTALL = YES;
				SWIFT_VERSION = 3.0;
			};
			name = Debug;
		};
		8598EDCC1DD58EAF0003B1F4 /* Release */ = {
			isa = XCBuildConfiguration;
			buildSettings = {
				CODE_SIGN_ENTITLEMENTS = todayWidget/todayWidget.entitlements;
				DEVELOPMENT_TEAM = 3RHR7K3FP7;
				INFOPLIST_FILE = todayWidget/Info.plist;
				IPHONEOS_DEPLOYMENT_TARGET = 8.0;
				LD_RUNPATH_SEARCH_PATHS = "$(inherited) @executable_path/Frameworks @executable_path/../../Frameworks";
				PRODUCT_BUNDLE_IDENTIFIER = com.mallowtech.TodayWidgetExtension.todayWidget;
				PRODUCT_NAME = "$(TARGET_NAME)";
				SKIP_INSTALL = YES;
				SWIFT_VERSION = 3.0;
			};
			name = Release;
		};
/* End XCBuildConfiguration section */

/* Begin XCConfigurationList section */
		8598ED9E1DD58A0C0003B1F4 /* Build configuration list for PBXProject "TodayWidgetExtension" */ = {
			isa = XCConfigurationList;
			buildConfigurations = (
				8598EDB31DD58A0D0003B1F4 /* Debug */,
				8598EDB41DD58A0D0003B1F4 /* Release */,
			);
			defaultConfigurationIsVisible = 0;
			defaultConfigurationName = Release;
		};
		8598EDB51DD58A0D0003B1F4 /* Build configuration list for PBXNativeTarget "TodayWidgetExtension" */ = {
			isa = XCConfigurationList;
			buildConfigurations = (
				8598EDB61DD58A0D0003B1F4 /* Debug */,
				8598EDB71DD58A0D0003B1F4 /* Release */,
			);
			defaultConfigurationIsVisible = 0;
			defaultConfigurationName = Release;
		};
		8598EDCA1DD58EAF0003B1F4 /* Build configuration list for PBXNativeTarget "todayWidget" */ = {
			isa = XCConfigurationList;
			buildConfigurations = (
				8598EDCB1DD58EAF0003B1F4 /* Debug */,
				8598EDCC1DD58EAF0003B1F4 /* Release */,
			);
			defaultConfigurationIsVisible = 0;
			defaultConfigurationName = Release;
		};
/* End XCConfigurationList section */
	};
	rootObject = 8598ED9B1DD58A0C0003B1F4 /* Project object */;
}
